
Microsoft Visual Studio Solution File, Format Version 12.00
# Visual Studio Version 16
VisualStudioVersion = 16.0.30621.155
MinimumVisualStudioVersion = 10.0.40219.1
Project("{FAE04EC0-301F-11D3-BF4B-00C04F79EFBC}") = "FinanceCal", "FinanceCal\FinanceCal.csproj", "{90E514A1-B555-48C7-A956-47B6B2976E2B}"
EndProject
Global
	GlobalSection(SolutionConfigurationPlatforms) = preSolution
		Debug|Any CPU = Debug|Any CPU
		Release|Any CPU = Release|Any CPU
	EndGlobalSection
	GlobalSection(ProjectConfigurationPlatforms) = postSolution
		{90E514A1-B555-48C7-A956-47B6B2976E2B}.Debug|Any CPU.ActiveCfg = Debug|Any CPU
		{90E514A1-B555-48C7-A956-47B6B2976E2B}.Debug|Any CPU.Build.0 = Debug|Any CPU
		{90E514A1-B555-48C7-A956-47B6B2976E2B}.Release|Any CPU.ActiveCfg = Release|Any CPU
		{90E514A1-B555-48C7-A956-47B6B2976E2B}.Release|Any CPU.Build.0 = Release|Any CPU
	EndGlobalSection
	GlobalSection(SolutionProperties) = preSolution
		HideSolutionNode = FALSE
	EndGlobalSection
	GlobalSection(ExtensibilityGlobals) = postSolution
		SolutionGuid = {4491089B-54BD-446E-8F3E-ED021A1E71A4}
	EndGlobalSection
EndGlobal
